
Microsoft Visual Studio Solution File, Format Version 12.00
# Visual Studio Version 17
VisualStudioVersion = 17.7.34202.233
MinimumVisualStudioVersion = 10.0.40219.1
Project("{FAE04EC0-301F-11D3-BF4B-00C04F79EFBC}") = "5letters", "5letters\5letters.csproj", "{9DC76518-282E-4172-B59E-3BAB37ECB401}"
EndProject
Global
	GlobalSection(SolutionConfigurationPlatforms) = preSolution
		Debug|Any CPU = Debug|Any CPU
		Release|Any CPU = Release|Any CPU
	EndGlobalSection
	GlobalSection(ProjectConfigurationPlatforms) = postSolution
		{9DC76518-282E-4172-B59E-3BAB37ECB401}.Debug|Any CPU.ActiveCfg = Debug|Any CPU
		{9DC76518-282E-4172-B59E-3BAB37ECB401}.Debug|Any CPU.Build.0 = Debug|Any CPU
		{9DC76518-282E-4172-B59E-3BAB37ECB401}.Release|Any CPU.ActiveCfg = Release|Any CPU
		{9DC76518-282E-4172-B59E-3BAB37ECB401}.Release|Any CPU.Build.0 = Release|Any CPU
	EndGlobalSection
	GlobalSection(SolutionProperties) = preSolution
		HideSolutionNode = FALSE
	EndGlobalSection
	GlobalSection(ExtensibilityGlobals) = postSolution
		SolutionGuid = {DCBAD873-EEDE-4437-A718-6689269F163D}
	EndGlobalSection
EndGlobal
